PODS:
  - FileKit (4.0.0)
  - Localize-Swift (1.7.1)

DEPENDENCIES:
  - FileKit (~> 4.0)
  - Localize-Swift (~> 1.7)

SPEC CHECKSUMS:
  FileKit: 2589d0393b3bfdc599c2ba6e41419be6db4279e0
  Localize-Swift: 6cabc1087c0e910e77bfa87c2ed3f65c80c0b2df

PODFILE CHECKSUM: 13e27225e4868e7f8fb968e4fb4f70613ab70158

COCOAPODS: 1.0.1
