// !$*UTF8*$!
{
	archiveVersion = 1;
	classes = {
	};
	objectVersion = 46;
	objects = {

/* Begin PBXBuildFile section */
		09FAC1AD7501BF09FF5C0434 /* Pods_TotalCommanderTests.framework in Frameworks */ = {isa = PBXBuildFile; fileRef = C5EB27FC4C7C59F3BFF5B9EE /* Pods_TotalCommanderTests.framework */; };
		3ADDC245C79D45BC2A4F3632 /* Pods_TotalCommander.framework in Frameworks */ = {isa = PBXBuildFile; fileRef = 2C82D908F5A313BC87DDFFFF /* Pods_TotalCommander.framework */; };
		4E3EFB10C6137B8907E95E2A /* Pods_TotalCommanderUITests.framework in Frameworks */ = {isa = PBXBuildFile; fileRef = 96A949CF17C301E83BF03291 /* Pods_TotalCommanderUITests.framework */; };
		F217491C1EAE1F4C00655B35 /* Copy.command in Resources */ = {isa = PBXBuildFile; fileRef = F217491B1EAE1D0200655B35 /* Copy.command */; };
		F217491E1EAE235600655B35 /* Move.command in Resources */ = {isa = PBXBuildFile; fileRef = F217491D1EAE22EA00655B35 /* Move.command */; };
		F2184E711E9C1AB6006E0BDB /* AppDelegate.swift in Sources */ = {isa = PBXBuildFile; fileRef = F2184E701E9C1AB6006E0BDB /* AppDelegate.swift */; };
		F2184E731E9C1AB6006E0BDB /* ViewController.swift in Sources */ = {isa = PBXBuildFile; fileRef = F2184E721E9C1AB6006E0BDB /* ViewController.swift */; };
		F2184E751E9C1AB6006E0BDB /* Assets.xcassets in Resources */ = {isa = PBXBuildFile; fileRef = F2184E741E9C1AB6006E0BDB /* Assets.xcassets */; };
		F2184E781E9C1AB6006E0BDB /* Main.storyboard in Resources */ = {isa = PBXBuildFile; fileRef = F2184E761E9C1AB6006E0BDB /* Main.storyboard */; };
		F2184E831E9C1AB7006E0BDB /* TotalCommanderTests.swift in Sources */ = {isa = PBXBuildFile; fileRef = F2184E821E9C1AB7006E0BDB /* TotalCommanderTests.swift */; };
		F2184E8E1E9C1AB7006E0BDB /* TotalCommanderUITests.swift in Sources */ = {isa = PBXBuildFile; fileRef = F2184E8D1E9C1AB7006E0BDB /* TotalCommanderUITests.swift */; };
		F221AD2A1EAE68C4003D405F /* CopyTask.swift in Sources */ = {isa = PBXBuildFile; fileRef = F221AD291EAE68C4003D405F /* CopyTask.swift */; };
		F221AD2E1EAE9D49003D405F /* SizeCell.swift in Sources */ = {isa = PBXBuildFile; fileRef = F221AD2D1EAE9D49003D405F /* SizeCell.swift */; };
		F221AD301EAE9D5E003D405F /* SizeCell.xib in Resources */ = {isa = PBXBuildFile; fileRef = F221AD2F1EAE9D5E003D405F /* SizeCell.xib */; };
		F221AD321EAEA7CC003D405F /* FileItem.swift in Sources */ = {isa = PBXBuildFile; fileRef = F221AD311EAEA7CC003D405F /* FileItem.swift */; };
		F221AD351EAEAC5D003D405F /* TableCellView.swift in Sources */ = {isa = PBXBuildFile; fileRef = F221AD341EAEAC5D003D405F /* TableCellView.swift */; };
		F2347FDF1EAB4BB000D4311B /* FileKit+Tasks.swift in Sources */ = {isa = PBXBuildFile; fileRef = F2347FDE1EAB4BB000D4311B /* FileKit+Tasks.swift */; };
		F234B18F1EB1038A007D7B75 /* DeleteTask.swift in Sources */ = {isa = PBXBuildFile; fileRef = F234B18E1EB1038A007D7B75 /* DeleteTask.swift */; };
		F23AAAAA1EA7D53200E995B2 /* CommanderViewController.swift in Sources */ = {isa = PBXBuildFile; fileRef = F23AAAA91EA7D53200E995B2 /* CommanderViewController.swift */; };
		F23AAAAD1EA7D54D00E995B2 /* Commander.storyboard in Resources */ = {isa = PBXBuildFile; fileRef = F23AAAAC1EA7D54D00E995B2 /* Commander.storyboard */; };
		F23AAAAF1EA7EEB700E995B2 /* FileKit+Sort.swift in Sources */ = {isa = PBXBuildFile; fileRef = F23AAAAE1EA7EEB700E995B2 /* FileKit+Sort.swift */; };
		F25D259F1EA5375200074EE6 /* MainMenu.swift in Sources */ = {isa = PBXBuildFile; fileRef = F25D259E1EA5375200074EE6 /* MainMenu.swift */; };
		F25D25A11EA5375E00074EE6 /* Language.swift in Sources */ = {isa = PBXBuildFile; fileRef = F25D25A01EA5375E00074EE6 /* Language.swift */; };
		F25D25A51EA5443600074EE6 /* Task.swift in Sources */ = {isa = PBXBuildFile; fileRef = F25D25A41EA5443600074EE6 /* Task.swift */; };
		F25D25A81EA55DF400074EE6 /* Defaults.swift in Sources */ = {isa = PBXBuildFile; fileRef = F25D25A71EA55DF400074EE6 /* Defaults.swift */; };
		F280C1DF1EAB5E1D004E0BEB /* AlertController.swift in Sources */ = {isa = PBXBuildFile; fileRef = F280C1DE1EAB5E1D004E0BEB /* AlertController.swift */; };
		F280C1E11EAB6A24004E0BEB /* CommanderViewContoller+Watch.swift in Sources */ = {isa = PBXBuildFile; fileRef = F280C1E01EAB6A24004E0BEB /* CommanderViewContoller+Watch.swift */; };
		F280C1E61EABECB0004E0BEB /* FileProgressProvider.swift in Sources */ = {isa = PBXBuildFile; fileRef = F280C1E51EABECB0004E0BEB /* FileProgressProvider.swift */; };
		F2819C851EAAA4B9000FBE8E /* FileKit+Handle.swift in Sources */ = {isa = PBXBuildFile; fileRef = F2819C841EAAA4B9000FBE8E /* FileKit+Handle.swift */; };
		F2AA31C21EAFDF3E00FABED5 /* AppMenu.swift in Sources */ = {isa = PBXBuildFile; fileRef = F2AA31C11EAFDF3E00FABED5 /* AppMenu.swift */; };
		F2CCDAF71E9C1D2000030116 /* Localizable.strings in Resources */ = {isa = PBXBuildFile; fileRef = F2CCDAF91E9C1D2000030116 /* Localizable.strings */; };
		F2CCDAFC1E9C1D3800030116 /* Localizable.strings in Resources */ = {isa = PBXBuildFile; fileRef = F2CCDAFE1E9C1D3800030116 /* Localizable.strings */; };
		F2CD02001EAFE7E6006B5EEE /* WindowController.swift in Sources */ = {isa = PBXBuildFile; fileRef = F2CD01FF1EAFE7E6006B5EEE /* WindowController.swift */; };
		F2CD02021EAFEF70006B5EEE /* LeftViewController.swift in Sources */ = {isa = PBXBuildFile; fileRef = F2CD02011EAFEF70006B5EEE /* LeftViewController.swift */; };
		F2CD02051EAFEF7D006B5EEE /* RightViewController.swift in Sources */ = {isa = PBXBuildFile; fileRef = F2CD02031EAFEF7D006B5EEE /* RightViewController.swift */; };
		F2CD02061EAFEF7D006B5EEE /* RightViewController.xib in Resources */ = {isa = PBXBuildFile; fileRef = F2CD02041EAFEF7D006B5EEE /* RightViewController.xib */; };
		F2E3CF061EAFCF0A00041002 /* TableView.swift in Sources */ = {isa = PBXBuildFile; fileRef = F2E3CF051EAFCF0A00041002 /* TableView.swift */; };
		F2E3CF081EAFDA4500041002 /* ContextualMenu.swift in Sources */ = {isa = PBXBuildFile; fileRef = F2E3CF071EAFDA4500041002 /* ContextualMenu.swift */; };
/* End PBXBuildFile section */

/* Begin PBXContainerItemProxy section */
		F2184E7F1E9C1AB7006E0BDB /* PBXContainerItemProxy */ = {
			isa = PBXContainerItemProxy;
			containerPortal = F2184E651E9C1AB6006E0BDB /* Project object */;
			proxyType = 1;
			remoteGlobalIDString = F2184E6C1E9C1AB6006E0BDB;
			remoteInfo = TotalCommander;
		};
		F2184E8A1E9C1AB7006E0BDB /* PBXContainerItemProxy */ = {
			isa = PBXContainerItemProxy;
			containerPortal = F2184E651E9C1AB6006E0BDB /* Project object */;
			proxyType = 1;
			remoteGlobalIDString = F2184E6C1E9C1AB6006E0BDB;
			remoteInfo = TotalCommander;
		};
/* End PBXContainerItemProxy section */

/* Begin PBXFileReference section */
		2C82D908F5A313BC87DDFFFF /* Pods_TotalCommander.framework */ = {isa = PBXFileReference; explicitFileType = wrapper.framework; includeInIndex = 0; path = Pods_TotalCommander.framework; sourceTree = BUILT_PRODUCTS_DIR; };
		50B2D1DA19C10DD9239FF7A0 /* Pods-TotalCommanderUITests.debug.xcconfig */ = {isa = PBXFileReference; includeInIndex = 1; lastKnownFileType = text.xcconfig; name = "Pods-TotalCommanderUITests.debug.xcconfig"; path = "Pods/Target Support Files/Pods-TotalCommanderUITests/Pods-TotalCommanderUITests.debug.xcconfig"; sourceTree = "<group>"; };
		96A949CF17C301E83BF03291 /* Pods_TotalCommanderUITests.framework */ = {isa = PBXFileReference; explicitFileType = wrapper.framework; includeInIndex = 0; path = Pods_TotalCommanderUITests.framework; sourceTree = BUILT_PRODUCTS_DIR; };
		A30295FDB5CB4CAB308A92AB /* Pods-TotalCommanderTests.debug.xcconfig */ = {isa = PBXFileReference; includeInIndex = 1; lastKnownFileType = text.xcconfig; name = "Pods-TotalCommanderTests.debug.xcconfig"; path = "Pods/Target Support Files/Pods-TotalCommanderTests/Pods-TotalCommanderTests.debug.xcconfig"; sourceTree = "<group>"; };
		C5EB27FC4C7C59F3BFF5B9EE /* Pods_TotalCommanderTests.framework */ = {isa = PBXFileReference; explicitFileType = wrapper.framework; includeInIndex = 0; path = Pods_TotalCommanderTests.framework; sourceTree = BUILT_PRODUCTS_DIR; };
		C8A34BF4A65FB539EC699EFB /* Pods-TotalCommander.debug.xcconfig */ = {isa = PBXFileReference; includeInIndex = 1; lastKnownFileType = text.xcconfig; name = "Pods-TotalCommander.debug.xcconfig"; path = "Pods/Target Support Files/Pods-TotalCommander/Pods-TotalCommander.debug.xcconfig"; sourceTree = "<group>"; };
		CFDA1CE4ED5A369599BD71C3 /* Pods-TotalCommanderTests.release.xcconfig */ = {isa = PBXFileReference; includeInIndex = 1; lastKnownFileType = text.xcconfig; name = "Pods-TotalCommanderTests.release.xcconfig"; path = "Pods/Target Support Files/Pods-TotalCommanderTests/Pods-TotalCommanderTests.release.xcconfig"; sourceTree = "<group>"; };
		E7845DC732AA4EEA34BD26ED /* Pods-TotalCommander.release.xcconfig */ = {isa = PBXFileReference; includeInIndex = 1; lastKnownFileType = text.xcconfig; name = "Pods-TotalCommander.release.xcconfig"; path = "Pods/Target Support Files/Pods-TotalCommander/Pods-TotalCommander.release.xcconfig"; sourceTree = "<group>"; };
		F217491B1EAE1D0200655B35 /* Copy.command */ = {isa = PBXFileReference; lastKnownFileType = text.script.sh; path = Copy.command; sourceTree = "<group>"; };
		F217491D1EAE22EA00655B35 /* Move.command */ = {isa = PBXFileReference; lastKnownFileType = text.script.sh; path = Move.command; sourceTree = "<group>"; };
		F217491F1EAE23AC00655B35 /* Paste.command */ = {isa = PBXFileReference; lastKnownFileType = text.script.sh; path = Paste.command; sourceTree = "<group>"; };
		F21749201EAE23B900655B35 /* Delete.command */ = {isa = PBXFileReference; lastKnownFileType = text.script.sh; path = Delete.command; sourceTree = "<group>"; };
		F2184E6D1E9C1AB6006E0BDB /* TotalCommander.app */ = {isa = PBXFileReference; explicitFileType = wrapper.application; includeInIndex = 0; path = TotalCommander.app; sourceTree = BUILT_PRODUCTS_DIR; };
		F2184E701E9C1AB6006E0BDB /* AppDelegate.swift */ = {isa = PBXFileReference; lastKnownFileType = sourcecode.swift; path = AppDelegate.swift; sourceTree = "<group>"; };
		F2184E721E9C1AB6006E0BDB /* ViewController.swift */ = {isa = PBXFileReference; lastKnownFileType = sourcecode.swift; path = ViewController.swift; sourceTree = "<group>"; };
		F2184E741E9C1AB6006E0BDB /* Assets.xcassets */ = {isa = PBXFileReference; lastKnownFileType = folder.assetcatalog; path = Assets.xcassets; sourceTree = "<group>"; };
		F2184E771E9C1AB6006E0BDB /* Base */ = {isa = PBXFileReference; lastKnownFileType = file.storyboard; name = Base; path = Base.lproj/Main.storyboard; sourceTree = "<group>"; };
		F2184E791E9C1AB6006E0BDB /* Info.plist */ = {isa = PBXFileReference; lastKnownFileType = text.plist.xml; path = Info.plist; sourceTree = "<group>"; };
		F2184E7E1E9C1AB7006E0BDB /* TotalCommanderTests.xctest */ = {isa = PBXFileReference; explicitFileType = wrapper.cfbundle; includeInIndex = 0; path = TotalCommanderTests.xctest; sourceTree = BUILT_PRODUCTS_DIR; };
		F2184E821E9C1AB7006E0BDB /* TotalCommanderTests.swift */ = {isa = PBXFileReference; lastKnownFileType = sourcecode.swift; path = TotalCommanderTests.swift; sourceTree = "<group>"; };
		F2184E841E9C1AB7006E0BDB /* Info.plist */ = {isa = PBXFileReference; lastKnownFileType = text.plist.xml; path = Info.plist; sourceTree = "<group>"; };
		F2184E891E9C1AB7006E0BDB /* TotalCommanderUITests.xctest */ = {isa = PBXFileReference; explicitFileType = wrapper.cfbundle; includeInIndex = 0; path = TotalCommanderUITests.xctest; sourceTree = BUILT_PRODUCTS_DIR; };
		F2184E8D1E9C1AB7006E0BDB /* TotalCommanderUITests.swift */ = {isa = PBXFileReference; lastKnownFileType = sourcecode.swift; path = TotalCommanderUITests.swift; sourceTree = "<group>"; };
		F2184E8F1E9C1AB7006E0BDB /* Info.plist */ = {isa = PBXFileReference; lastKnownFileType = text.plist.xml; path = Info.plist; sourceTree = "<group>"; };
		F221AD291EAE68C4003D405F /* CopyTask.swift */ = {isa = PBXFileReference; fileEncoding = 4; lastKnownFileType = sourcecode.swift; path = CopyTask.swift; sourceTree = "<group>"; };
		F221AD2D1EAE9D49003D405F /* SizeCell.swift */ = {isa = PBXFileReference; fileEncoding = 4; lastKnownFileType = sourcecode.swift; path = SizeCell.swift; sourceTree = "<group>"; };
		F221AD2F1EAE9D5E003D405F /* SizeCell.xib */ = {isa = PBXFileReference; fileEncoding = 4; lastKnownFileType = file.xib; path = SizeCell.xib; sourceTree = "<group>"; };
		F221AD311EAEA7CC003D405F /* FileItem.swift */ = {isa = PBXFileReference; fileEncoding = 4; lastKnownFileType = sourcecode.swift; path = FileItem.swift; sourceTree = "<group>"; };
		F221AD341EAEAC5D003D405F /* TableCellView.swift */ = {isa = PBXFileReference; fileEncoding = 4; lastKnownFileType = sourcecode.swift; path = TableCellView.swift; sourceTree = "<group>"; };
		F2347FDE1EAB4BB000D4311B /* FileKit+Tasks.swift */ = {isa = PBXFileReference; fileEncoding = 4; lastKnownFileType = sourcecode.swift; path = "FileKit+Tasks.swift"; sourceTree = "<group>"; };
		F2347FE01EAB570B00D4311B /* TotalCommander.playground */ = {isa = PBXFileReference; lastKnownFileType = file.playground; path = TotalCommander.playground; sourceTree = "<group>"; };
		F234B18E1EB1038A007D7B75 /* DeleteTask.swift */ = {isa = PBXFileReference; fileEncoding = 4; lastKnownFileType = sourcecode.swift; path = DeleteTask.swift; sourceTree = "<group>"; };
		F23AAAA91EA7D53200E995B2 /* CommanderViewController.swift */ = {isa = PBXFileReference; fileEncoding = 4; lastKnownFileType = sourcecode.swift; path = CommanderViewController.swift; sourceTree = "<group>"; };
		F23AAAAC1EA7D54D00E995B2 /* Commander.storyboard */ = {isa = PBXFileReference; fileEncoding = 4; lastKnownFileType = file.storyboard; path = Commander.storyboard; sourceTree = "<group>"; };
		F23AAAAE1EA7EEB700E995B2 /* FileKit+Sort.swift */ = {isa = PBXFileReference; fileEncoding = 4; lastKnownFileType = sourcecode.swift; path = "FileKit+Sort.swift"; sourceTree = "<group>"; };
		F25D259E1EA5375200074EE6 /* MainMenu.swift */ = {isa = PBXFileReference; fileEncoding = 4; lastKnownFileType = sourcecode.swift; path = MainMenu.swift; sourceTree = "<group>"; };
		F25D25A01EA5375E00074EE6 /* Language.swift */ = {isa = PBXFileReference; fileEncoding = 4; lastKnownFileType = sourcecode.swift; path = Language.swift; sourceTree = "<group>"; };
		F25D25A41EA5443600074EE6 /* Task.swift */ = {isa = PBXFileReference; fileEncoding = 4; lastKnownFileType = sourcecode.swift; path = Task.swift; sourceTree = "<group>"; };
		F25D25A71EA55DF400074EE6 /* Defaults.swift */ = {isa = PBXFileReference; fileEncoding = 4; lastKnownFileType = sourcecode.swift; path = Defaults.swift; sourceTree = "<group>"; };
		F27BB1131EB151FF0062E70E /* en */ = {isa = PBXFileReference; lastKnownFileType = text.plist.strings; name = en; path = en.lproj/Localizable.strings; sourceTree = "<group>"; };
		F280C1DE1EAB5E1D004E0BEB /* AlertController.swift */ = {isa = PBXFileReference; fileEncoding = 4; lastKnownFileType = sourcecode.swift; path = AlertController.swift; sourceTree = "<group>"; };
		F280C1E01EAB6A24004E0BEB /* CommanderViewContoller+Watch.swift */ = {isa = PBXFileReference; fileEncoding = 4; lastKnownFileType = sourcecode.swift; path = "CommanderViewContoller+Watch.swift"; sourceTree = "<group>"; };
		F280C1E51EABECB0004E0BEB /* FileProgressProvider.swift */ = {isa = PBXFileReference; fileEncoding = 4; lastKnownFileType = sourcecode.swift; path = FileProgressProvider.swift; sourceTree = "<group>"; };
		F2819C841EAAA4B9000FBE8E /* FileKit+Handle.swift */ = {isa = PBXFileReference; fileEncoding = 4; lastKnownFileType = sourcecode.swift; path = "FileKit+Handle.swift"; sourceTree = "<group>"; };
		F2AA31C11EAFDF3E00FABED5 /* AppMenu.swift */ = {isa = PBXFileReference; fileEncoding = 4; lastKnownFileType = sourcecode.swift; path = AppMenu.swift; sourceTree = "<group>"; };
		F2CCDAF81E9C1D2000030116 /* Base */ = {isa = PBXFileReference; lastKnownFileType = text.plist.strings; name = Base; path = Base.lproj/Localizable.strings; sourceTree = "<group>"; };
		F2CCDAFD1E9C1D3800030116 /* pl-PL */ = {isa = PBXFileReference; lastKnownFileType = text.plist.strings; name = "pl-PL"; path = "pl-PL.lproj/Localizable.strings"; sourceTree = "<group>"; };
		F2CD01FF1EAFE7E6006B5EEE /* WindowController.swift */ = {isa = PBXFileReference; fileEncoding = 4; lastKnownFileType = sourcecode.swift; path = WindowController.swift; sourceTree = "<group>"; };
		F2CD02011EAFEF70006B5EEE /* LeftViewController.swift */ = {isa = PBXFileReference; fileEncoding = 4; lastKnownFileType = sourcecode.swift; path = LeftViewController.swift; sourceTree = "<group>"; };
		F2CD02031EAFEF7D006B5EEE /* RightViewController.swift */ = {isa = PBXFileReference; fileEncoding = 4; lastKnownFileType = sourcecode.swift; path = RightViewController.swift; sourceTree = "<group>"; };
		F2CD02041EAFEF7D006B5EEE /* RightViewController.xib */ = {isa = PBXFileReference; fileEncoding = 4; lastKnownFileType = file.xib; path = RightViewController.xib; sourceTree = "<group>"; };
		F2E3CF051EAFCF0A00041002 /* TableView.swift */ = {isa = PBXFileReference; fileEncoding = 4; lastKnownFileType = sourcecode.swift; path = TableView.swift; sourceTree = "<group>"; };
		F2E3CF071EAFDA4500041002 /* ContextualMenu.swift */ = {isa = PBXFileReference; fileEncoding = 4; lastKnownFileType = sourcecode.swift; path = ContextualMenu.swift; sourceTree = "<group>"; };
		F51886F5D4C428BDEB8365C9 /* Pods-TotalCommanderUITests.release.xcconfig */ = {isa = PBXFileReference; includeInIndex = 1; lastKnownFileType = text.xcconfig; name = "Pods-TotalCommanderUITests.release.xcconfig"; path = "Pods/Target Support Files/Pods-TotalCommanderUITests/Pods-TotalCommanderUITests.release.xcconfig"; sourceTree = "<group>"; };
/* End PBXFileReference section */

/* Begin PBXFrameworksBuildPhase section */
		F2184E6A1E9C1AB6006E0BDB /* Frameworks */ = {
			isa = PBXFrameworksBuildPhase;
			buildActionMask = 2147483647;
			files = (
				3ADDC245C79D45BC2A4F3632 /* Pods_TotalCommander.framework in Frameworks */,
			);
			runOnlyForDeploymentPostprocessing = 0;
		};
		F2184E7B1E9C1AB7006E0BDB /* Frameworks */ = {
			isa = PBXFrameworksBuildPhase;
			buildActionMask = 2147483647;
			files = (
				09FAC1AD7501BF09FF5C0434 /* Pods_TotalCommanderTests.framework in Frameworks */,
			);
			runOnlyForDeploymentPostprocessing = 0;
		};
		F2184E861E9C1AB7006E0BDB /* Frameworks */ = {
			isa = PBXFrameworksBuildPhase;
			buildActionMask = 2147483647;
			files = (
				4E3EFB10C6137B8907E95E2A /* Pods_TotalCommanderUITests.framework in Frameworks */,
			);
			runOnlyForDeploymentPostprocessing = 0;
		};
/* End PBXFrameworksBuildPhase section */

/* Begin PBXGroup section */
		2F0F69D684164ADE140EC7C9 /* Frameworks */ = {
			isa = PBXGroup;
			children = (
				2C82D908F5A313BC87DDFFFF /* Pods_TotalCommander.framework */,
				C5EB27FC4C7C59F3BFF5B9EE /* Pods_TotalCommanderTests.framework */,
				96A949CF17C301E83BF03291 /* Pods_TotalCommanderUITests.framework */,
			);
			name = Frameworks;
			sourceTree = "<group>";
		};
		F217491A1EAC82E200655B35 /* Progress */ = {
			isa = PBXGroup;
			children = (
				F280C1E51EABECB0004E0BEB /* FileProgressProvider.swift */,
			);
			name = Progress;
			sourceTree = "<group>";
		};
		F2184E641E9C1AB6006E0BDB = {
			isa = PBXGroup;
			children = (
				F2184E6F1E9C1AB6006E0BDB /* TotalCommander */,
				F2184E811E9C1AB7006E0BDB /* TotalCommanderTests */,
				F2184E8C1E9C1AB7006E0BDB /* TotalCommanderUITests */,
				F2184E6E1E9C1AB6006E0BDB /* Products */,
				FC4B6A847628F1EC279C7949 /* Pods */,
				2F0F69D684164ADE140EC7C9 /* Frameworks */,
			);
			sourceTree = "<group>";
		};
		F2184E6E1E9C1AB6006E0BDB /* Products */ = {
			isa = PBXGroup;
			children = (
				F2184E6D1E9C1AB6006E0BDB /* TotalCommander.app */,
				F2184E7E1E9C1AB7006E0BDB /* TotalCommanderTests.xctest */,
				F2184E891E9C1AB7006E0BDB /* TotalCommanderUITests.xctest */,
			);
			name = Products;
			sourceTree = "<group>";
		};
		F2184E6F1E9C1AB6006E0BDB /* TotalCommander */ = {
			isa = PBXGroup;
			children = (
				F2184E701E9C1AB6006E0BDB /* AppDelegate.swift */,
				F2CD01FF1EAFE7E6006B5EEE /* WindowController.swift */,
				F2184E721E9C1AB6006E0BDB /* ViewController.swift */,
				F25D25A31EA537C000074EE6 /* Resources */,
				F25D25A21EA537B400074EE6 /* Main menu */,
				F25D25A01EA5375E00074EE6 /* Language.swift */,
				F221AD2B1EAE7762003D405F /* Task */,
				F23AAAAB1EA7D53B00E995B2 /* Commander */,
				F221AD2C1EAE91C5003D405F /* Alert */,
				F23AAAB01EA7F3B100E995B2 /* Extensions */,
				F217491A1EAC82E200655B35 /* Progress */,
				F2347FE01EAB570B00D4311B /* TotalCommander.playground */,
			);
			path = TotalCommander;
			sourceTree = "<group>";
		};
		F2184E811E9C1AB7006E0BDB /* TotalCommanderTests */ = {
			isa = PBXGroup;
			children = (
				F2184E821E9C1AB7006E0BDB /* TotalCommanderTests.swift */,
				F2184E841E9C1AB7006E0BDB /* Info.plist */,
			);
			path = TotalCommanderTests;
			sourceTree = "<group>";
		};
		F2184E8C1E9C1AB7006E0BDB /* TotalCommanderUITests */ = {
			isa = PBXGroup;
			children = (
				F2184E8D1E9C1AB7006E0BDB /* TotalCommanderUITests.swift */,
				F2184E8F1E9C1AB7006E0BDB /* Info.plist */,
			);
			path = TotalCommanderUITests;
			sourceTree = "<group>";
		};
		F221AD2B1EAE7762003D405F /* Task */ = {
			isa = PBXGroup;
			children = (
				F25D25A41EA5443600074EE6 /* Task.swift */,
				F221AD291EAE68C4003D405F /* CopyTask.swift */,
				F234B18E1EB1038A007D7B75 /* DeleteTask.swift */,
			);
			name = Task;
			sourceTree = "<group>";
		};
		F221AD2C1EAE91C5003D405F /* Alert */ = {
			isa = PBXGroup;
			children = (
				F280C1DE1EAB5E1D004E0BEB /* AlertController.swift */,
			);
			name = Alert;
			sourceTree = "<group>";
		};
		F221AD331EAEAC46003D405F /* Cell */ = {
			isa = PBXGroup;
			children = (
				F221AD2D1EAE9D49003D405F /* SizeCell.swift */,
				F221AD2F1EAE9D5E003D405F /* SizeCell.xib */,
				F221AD311EAEA7CC003D405F /* FileItem.swift */,
				F221AD341EAEAC5D003D405F /* TableCellView.swift */,
			);
			name = Cell;
			sourceTree = "<group>";
		};
		F23AAAAB1EA7D53B00E995B2 /* Commander */ = {
			isa = PBXGroup;
			children = (
				F23AAAA91EA7D53200E995B2 /* CommanderViewController.swift */,
				F280C1E01EAB6A24004E0BEB /* CommanderViewContoller+Watch.swift */,
				F23AAAAC1EA7D54D00E995B2 /* Commander.storyboard */,
				F2CD02011EAFEF70006B5EEE /* LeftViewController.swift */,
				F2CD02031EAFEF7D006B5EEE /* RightViewController.swift */,
				F2CD02041EAFEF7D006B5EEE /* RightViewController.xib */,
			);
			name = Commander;
			sourceTree = "<group>";
		};
		F23AAAB01EA7F3B100E995B2 /* Extensions */ = {
			isa = PBXGroup;
			children = (
				F23AAAAE1EA7EEB700E995B2 /* FileKit+Sort.swift */,
				F2819C841EAAA4B9000FBE8E /* FileKit+Handle.swift */,
				F2347FDE1EAB4BB000D4311B /* FileKit+Tasks.swift */,
			);
			name = Extensions;
			sourceTree = "<group>";
		};
		F25D25A21EA537B400074EE6 /* Main menu */ = {
			isa = PBXGroup;
			children = (
				F25D259E1EA5375200074EE6 /* MainMenu.swift */,
				F25D25A71EA55DF400074EE6 /* Defaults.swift */,
				F221AD331EAEAC46003D405F /* Cell */,
				F2E3CF051EAFCF0A00041002 /* TableView.swift */,
				F2E3CF071EAFDA4500041002 /* ContextualMenu.swift */,
				F2AA31C11EAFDF3E00FABED5 /* AppMenu.swift */,
			);
			name = "Main menu";
			sourceTree = "<group>";
		};
		F25D25A31EA537C000074EE6 /* Resources */ = {
			isa = PBXGroup;
			children = (
				F25D25A61EA5444F00074EE6 /* Scripts */,
				F2184E741E9C1AB6006E0BDB /* Assets.xcassets */,
				F2184E761E9C1AB6006E0BDB /* Main.storyboard */,
				F2CCDAF91E9C1D2000030116 /* Localizable.strings */,
				F2CCDAFE1E9C1D3800030116 /* Localizable.strings */,
				F2184E791E9C1AB6006E0BDB /* Info.plist */,
			);
			name = Resources;
			sourceTree = "<group>";
		};
		F25D25A61EA5444F00074EE6 /* Scripts */ = {
			isa = PBXGroup;
			children = (
				F217491B1EAE1D0200655B35 /* Copy.command */,
				F217491D1EAE22EA00655B35 /* Move.command */,
				F217491F1EAE23AC00655B35 /* Paste.command */,
				F21749201EAE23B900655B35 /* Delete.command */,
			);
			name = Scripts;
			sourceTree = "<group>";
		};
		FC4B6A847628F1EC279C7949 /* Pods */ = {
			isa = PBXGroup;
			children = (
				C8A34BF4A65FB539EC699EFB /* Pods-TotalCommander.debug.xcconfig */,
				E7845DC732AA4EEA34BD26ED /* Pods-TotalCommander.release.xcconfig */,
				A30295FDB5CB4CAB308A92AB /* Pods-TotalCommanderTests.debug.xcconfig */,
				CFDA1CE4ED5A369599BD71C3 /* Pods-TotalCommanderTests.release.xcconfig */,
				50B2D1DA19C10DD9239FF7A0 /* Pods-TotalCommanderUITests.debug.xcconfig */,
				F51886F5D4C428BDEB8365C9 /* Pods-TotalCommanderUITests.release.xcconfig */,
			);
			name = Pods;
			sourceTree = "<group>";
		};
/* End PBXGroup section */

/* Begin PBXNativeTarget section */
		F2184E6C1E9C1AB6006E0BDB /* TotalCommander */ = {
			isa = PBXNativeTarget;
			buildConfigurationList = F2184E921E9C1AB7006E0BDB /* Build configuration list for PBXNativeTarget "TotalCommander" */;
			buildPhases = (
				4CC20296370E4D02EB74070A /* [CP] Check Pods Manifest.lock */,
				F2184E691E9C1AB6006E0BDB /* Sources */,
				F2184E6A1E9C1AB6006E0BDB /* Frameworks */,
				F2184E6B1E9C1AB6006E0BDB /* Resources */,
				F9742495DC7EA294069B9A44 /* [CP] Embed Pods Frameworks */,
				8D139794452687E1C967368C /* [CP] Copy Pods Resources */,
			);
			buildRules = (
			);
			dependencies = (
			);
			name = TotalCommander;
			productName = TotalCommander;
			productReference = F2184E6D1E9C1AB6006E0BDB /* TotalCommander.app */;
			productType = "com.apple.product-type.application";
		};
		F2184E7D1E9C1AB7006E0BDB /* TotalCommanderTests */ = {
			isa = PBXNativeTarget;
			buildConfigurationList = F2184E951E9C1AB7006E0BDB /* Build configuration list for PBXNativeTarget "TotalCommanderTests" */;
			buildPhases = (
				46D05A62CBB22EAC4F1A6C9C /* [CP] Check Pods Manifest.lock */,
				F2184E7A1E9C1AB7006E0BDB /* Sources */,
				F2184E7B1E9C1AB7006E0BDB /* Frameworks */,
				F2184E7C1E9C1AB7006E0BDB /* Resources */,
				1F5F1282861730D47068E92A /* [CP] Embed Pods Frameworks */,
				F5244AFB7B5FD2230D0D26C8 /* [CP] Copy Pods Resources */,
			);
			buildRules = (
			);
			dependencies = (
				F2184E801E9C1AB7006E0BDB /* PBXTargetDependency */,
			);
			name = TotalCommanderTests;
			productName = TotalCommanderTests;
			productReference = F2184E7E1E9C1AB7006E0BDB /* TotalCommanderTests.xctest */;
			productType = "com.apple.product-type.bundle.unit-test";
		};
		F2184E881E9C1AB7006E0BDB /* TotalCommanderUITests */ = {
			isa = PBXNativeTarget;
			buildConfigurationList = F2184E981E9C1AB7006E0BDB /* Build configuration list for PBXNativeTarget "TotalCommanderUITests" */;
			buildPhases = (
				A9348DBCEE008964720024D1 /* [CP] Check Pods Manifest.lock */,
				F2184E851E9C1AB7006E0BDB /* Sources */,
				F2184E861E9C1AB7006E0BDB /* Frameworks */,
				F2184E871E9C1AB7006E0BDB /* Resources */,
				3DC38DAA253DD407500B62C2 /* [CP] Copy Pods Resources */,
			);
			buildRules = (
			);
			dependencies = (
				F2184E8B1E9C1AB7006E0BDB /* PBXTargetDependency */,
			);
			name = TotalCommanderUITests;
			productName = TotalCommanderUITests;
			productReference = F2184E891E9C1AB7006E0BDB /* TotalCommanderUITests.xctest */;
			productType = "com.apple.product-type.bundle.ui-testing";
		};
/* End PBXNativeTarget section */

/* Begin PBXProject section */
		F2184E651E9C1AB6006E0BDB /* Project object */ = {
			isa = PBXProject;
			attributes = {
				LastSwiftUpdateCheck = 0820;
				LastUpgradeCheck = 0820;
				ORGANIZATIONNAME = "Marcin Karmelita";
				TargetAttributes = {
					F2184E6C1E9C1AB6006E0BDB = {
						CreatedOnToolsVersion = 8.2.1;
						DevelopmentTeam = ZFCEFF7SU3;
						ProvisioningStyle = Automatic;
					};
					F2184E7D1E9C1AB7006E0BDB = {
						CreatedOnToolsVersion = 8.2.1;
						DevelopmentTeam = ZFCEFF7SU3;
						ProvisioningStyle = Automatic;
						TestTargetID = F2184E6C1E9C1AB6006E0BDB;
					};
					F2184E881E9C1AB7006E0BDB = {
						CreatedOnToolsVersion = 8.2.1;
						DevelopmentTeam = ZFCEFF7SU3;
						ProvisioningStyle = Automatic;
						TestTargetID = F2184E6C1E9C1AB6006E0BDB;
					};
				};
			};
			buildConfigurationList = F2184E681E9C1AB6006E0BDB /* Build configuration list for PBXProject "TotalCommander" */;
			compatibilityVersion = "Xcode 3.2";
			developmentRegion = English;
			hasScannedForEncodings = 0;
			knownRegions = (
				en,
				Base,
				"pl-PL",
			);
			mainGroup = F2184E641E9C1AB6006E0BDB;
			productRefGroup = F2184E6E1E9C1AB6006E0BDB /* Products */;
			projectDirPath = "";
			projectRoot = "";
			targets = (
				F2184E6C1E9C1AB6006E0BDB /* TotalCommander */,
				F2184E7D1E9C1AB7006E0BDB /* TotalCommanderTests */,
				F2184E881E9C1AB7006E0BDB /* TotalCommanderUITests */,
			);
		};
/* End PBXProject section */

/* Begin PBXResourcesBuildPhase section */
		F2184E6B1E9C1AB6006E0BDB /* Resources */ = {
			isa = PBXResourcesBuildPhase;
			buildActionMask = 2147483647;
			files = (
				F221AD301EAE9D5E003D405F /* SizeCell.xib in Resources */,
				F217491E1EAE235600655B35 /* Move.command in Resources */,
				F217491C1EAE1F4C00655B35 /* Copy.command in Resources */,
				F2184E751E9C1AB6006E0BDB /* Assets.xcassets in Resources */,
				F23AAAAD1EA7D54D00E995B2 /* Commander.storyboard in Resources */,
				F2CCDAFC1E9C1D3800030116 /* Localizable.strings in Resources */,
				F2CD02061EAFEF7D006B5EEE /* RightViewController.xib in Resources */,
				F2CCDAF71E9C1D2000030116 /* Localizable.strings in Resources */,
				F2184E781E9C1AB6006E0BDB /* Main.storyboard in Resources */,
			);
			runOnlyForDeploymentPostprocessing = 0;
		};
		F2184E7C1E9C1AB7006E0BDB /* Resources */ = {
			isa = PBXResourcesBuildPhase;
			buildActionMask = 2147483647;
			files = (
			);
			runOnlyForDeploymentPostprocessing = 0;
		};
		F2184E871E9C1AB7006E0BDB /* Resources */ = {
			isa = PBXResourcesBuildPhase;
			buildActionMask = 2147483647;
			files = (
			);
			runOnlyForDeploymentPostprocessing = 0;
		};
/* End PBXResourcesBuildPhase section */

/* Begin PBXShellScriptBuildPhase section */
		1F5F1282861730D47068E92A /* [CP] Embed Pods Frameworks */ = {
			isa = PBXShellScriptBuildPhase;
			buildActionMask = 2147483647;
			files = (
			);
			inputPaths = (
			);
			name = "[CP] Embed Pods Frameworks";
			outputPaths = (
			);
			runOnlyForDeploymentPostprocessing = 0;
			shellPath = /bin/sh;
			shellScript = "\"${SRCROOT}/Pods/Target Support Files/Pods-TotalCommanderTests/Pods-TotalCommanderTests-frameworks.sh\"\n";
			showEnvVarsInLog = 0;
		};
		3DC38DAA253DD407500B62C2 /* [CP] Copy Pods Resources */ = {
			isa = PBXShellScriptBuildPhase;
			buildActionMask = 2147483647;
			files = (
			);
			inputPaths = (
			);
			name = "[CP] Copy Pods Resources";
			outputPaths = (
			);
			runOnlyForDeploymentPostprocessing = 0;
			shellPath = /bin/sh;
			shellScript = "\"${SRCROOT}/Pods/Target Support Files/Pods-TotalCommanderUITests/Pods-TotalCommanderUITests-resources.sh\"\n";
			showEnvVarsInLog = 0;
		};
		46D05A62CBB22EAC4F1A6C9C /* [CP] Check Pods Manifest.lock */ = {
			isa = PBXShellScriptBuildPhase;
			buildActionMask = 2147483647;
			files = (
			);
			inputPaths = (
			);
			name = "[CP] Check Pods Manifest.lock";
			outputPaths = (
			);
			runOnlyForDeploymentPostprocessing = 0;
			shellPath = /bin/sh;
			shellScript = "diff \"${PODS_ROOT}/../Podfile.lock\" \"${PODS_ROOT}/Manifest.lock\" > /dev/null\nif [[ $? != 0 ]] ; then\n    cat << EOM\nerror: The sandbox is not in sync with the Podfile.lock. Run 'pod install' or update your CocoaPods installation.\nEOM\n    exit 1\nfi\n";
			showEnvVarsInLog = 0;
		};
		4CC20296370E4D02EB74070A /* [CP] Check Pods Manifest.lock */ = {
			isa = PBXShellScriptBuildPhase;
			buildActionMask = 2147483647;
			files = (
			);
			inputPaths = (
			);
			name = "[CP] Check Pods Manifest.lock";
			outputPaths = (
			);
			runOnlyForDeploymentPostprocessing = 0;
			shellPath = /bin/sh;
			shellScript = "diff \"${PODS_ROOT}/../Podfile.lock\" \"${PODS_ROOT}/Manifest.lock\" > /dev/null\nif [[ $? != 0 ]] ; then\n    cat << EOM\nerror: The sandbox is not in sync with the Podfile.lock. Run 'pod install' or update your CocoaPods installation.\nEOM\n    exit 1\nfi\n";
			showEnvVarsInLog = 0;
		};
		8D139794452687E1C967368C /* [CP] Copy Pods Resources */ = {
			isa = PBXShellScriptBuildPhase;
			buildActionMask = 2147483647;
			files = (
			);
			inputPaths = (
			);
			name = "[CP] Copy Pods Resources";
			outputPaths = (
			);
			runOnlyForDeploymentPostprocessing = 0;
			shellPath = /bin/sh;
			shellScript = "\"${SRCROOT}/Pods/Target Support Files/Pods-TotalCommander/Pods-TotalCommander-resources.sh\"\n";
			showEnvVarsInLog = 0;
		};
		A9348DBCEE008964720024D1 /* [CP] Check Pods Manifest.lock */ = {
			isa = PBXShellScriptBuildPhase;
			buildActionMask = 2147483647;
			files = (
			);
			inputPaths = (
			);
			name = "[CP] Check Pods Manifest.lock";
			outputPaths = (
			);
			runOnlyForDeploymentPostprocessing = 0;
			shellPath = /bin/sh;
			shellScript = "diff \"${PODS_ROOT}/../Podfile.lock\" \"${PODS_ROOT}/Manifest.lock\" > /dev/null\nif [[ $? != 0 ]] ; then\n    cat << EOM\nerror: The sandbox is not in sync with the Podfile.lock. Run 'pod install' or update your CocoaPods installation.\nEOM\n    exit 1\nfi\n";
			showEnvVarsInLog = 0;
		};
		F5244AFB7B5FD2230D0D26C8 /* [CP] Copy Pods Resources */ = {
			isa = PBXShellScriptBuildPhase;
			buildActionMask = 2147483647;
			files = (
			);
			inputPaths = (
			);
			name = "[CP] Copy Pods Resources";
			outputPaths = (
			);
			runOnlyForDeploymentPostprocessing = 0;
			shellPath = /bin/sh;
			shellScript = "\"${SRCROOT}/Pods/Target Support Files/Pods-TotalCommanderTests/Pods-TotalCommanderTests-resources.sh\"\n";
			showEnvVarsInLog = 0;
		};
		F9742495DC7EA294069B9A44 /* [CP] Embed Pods Frameworks */ = {
			isa = PBXShellScriptBuildPhase;
			buildActionMask = 2147483647;
			files = (
			);
			inputPaths = (
			);
			name = "[CP] Embed Pods Frameworks";
			outputPaths = (
			);
			runOnlyForDeploymentPostprocessing = 0;
			shellPath = /bin/sh;
			shellScript = "\"${SRCROOT}/Pods/Target Support Files/Pods-TotalCommander/Pods-TotalCommander-frameworks.sh\"\n";
			showEnvVarsInLog = 0;
		};
/* End PBXShellScriptBuildPhase section */

/* Begin PBXSourcesBuildPhase section */
		F2184E691E9C1AB6006E0BDB /* Sources */ = {
			isa = PBXSourcesBuildPhase;
			buildActionMask = 2147483647;
			files = (
				F23AAAAF1EA7EEB700E995B2 /* FileKit+Sort.swift in Sources */,
				F2E3CF081EAFDA4500041002 /* ContextualMenu.swift in Sources */,
				F2184E731E9C1AB6006E0BDB /* ViewController.swift in Sources */,
				F2AA31C21EAFDF3E00FABED5 /* AppMenu.swift in Sources */,
				F25D25A11EA5375E00074EE6 /* Language.swift in Sources */,
				F2CD02021EAFEF70006B5EEE /* LeftViewController.swift in Sources */,
				F221AD321EAEA7CC003D405F /* FileItem.swift in Sources */,
				F25D25A51EA5443600074EE6 /* Task.swift in Sources */,
				F221AD2E1EAE9D49003D405F /* SizeCell.swift in Sources */,
				F234B18F1EB1038A007D7B75 /* DeleteTask.swift in Sources */,
				F25D25A81EA55DF400074EE6 /* Defaults.swift in Sources */,
				F2347FDF1EAB4BB000D4311B /* FileKit+Tasks.swift in Sources */,
				F2CD02001EAFE7E6006B5EEE /* WindowController.swift in Sources */,
				F23AAAAA1EA7D53200E995B2 /* CommanderViewController.swift in Sources */,
				F2CD02051EAFEF7D006B5EEE /* RightViewController.swift in Sources */,
				F280C1E61EABECB0004E0BEB /* FileProgressProvider.swift in Sources */,
				F221AD2A1EAE68C4003D405F /* CopyTask.swift in Sources */,
				F2819C851EAAA4B9000FBE8E /* FileKit+Handle.swift in Sources */,
				F280C1DF1EAB5E1D004E0BEB /* AlertController.swift in Sources */,
				F25D259F1EA5375200074EE6 /* MainMenu.swift in Sources */,
				F280C1E11EAB6A24004E0BEB /* CommanderViewContoller+Watch.swift in Sources */,
				F221AD351EAEAC5D003D405F /* TableCellView.swift in Sources */,
				F2184E711E9C1AB6006E0BDB /* AppDelegate.swift in Sources */,
				F2E3CF061EAFCF0A00041002 /* TableView.swift in Sources */,
			);
			runOnlyForDeploymentPostprocessing = 0;
		};
		F2184E7A1E9C1AB7006E0BDB /* Sources */ = {
			isa = PBXSourcesBuildPhase;
			buildActionMask = 2147483647;
			files = (
				F2184E831E9C1AB7006E0BDB /* TotalCommanderTests.swift in Sources */,
			);
			runOnlyForDeploymentPostprocessing = 0;
		};
		F2184E851E9C1AB7006E0BDB /* Sources */ = {
			isa = PBXSourcesBuildPhase;
			buildActionMask = 2147483647;
			files = (
				F2184E8E1E9C1AB7006E0BDB /* TotalCommanderUITests.swift in Sources */,
			);
			runOnlyForDeploymentPostprocessing = 0;
		};
/* End PBXSourcesBuildPhase section */

/* Begin PBXTargetDependency section */
		F2184E801E9C1AB7006E0BDB /* PBXTargetDependency */ = {
			isa = PBXTargetDependency;
			target = F2184E6C1E9C1AB6006E0BDB /* TotalCommander */;
			targetProxy = F2184E7F1E9C1AB7006E0BDB /* PBXContainerItemProxy */;
		};
		F2184E8B1E9C1AB7006E0BDB /* PBXTargetDependency */ = {
			isa = PBXTargetDependency;
			target = F2184E6C1E9C1AB6006E0BDB /* TotalCommander */;
			targetProxy = F2184E8A1E9C1AB7006E0BDB /* PBXContainerItemProxy */;
		};
/* End PBXTargetDependency section */

/* Begin PBXVariantGroup section */
		F2184E761E9C1AB6006E0BDB /* Main.storyboard */ = {
			isa = PBXVariantGroup;
			children = (
				F2184E771E9C1AB6006E0BDB /* Base */,
			);
			name = Main.storyboard;
			sourceTree = "<group>";
		};
		F2CCDAF91E9C1D2000030116 /* Localizable.strings */ = {
			isa = PBXVariantGroup;
			children = (
				F2CCDAF81E9C1D2000030116 /* Base */,
				F27BB1131EB151FF0062E70E /* en */,
			);
			name = Localizable.strings;
			sourceTree = "<group>";
		};
		F2CCDAFE1E9C1D3800030116 /* Localizable.strings */ = {
			isa = PBXVariantGroup;
			children = (
				F2CCDAFD1E9C1D3800030116 /* pl-PL */,
			);
			name = Localizable.strings;
			path = ..;
			sourceTree = "<group>";
		};
/* End PBXVariantGroup section */

/* Begin XCBuildConfiguration section */
		F2184E901E9C1AB7006E0BDB /* Debug */ = {
			isa = XCBuildConfiguration;
			buildSettings = {
				ALWAYS_SEARCH_USER_PATHS = NO;
				CLANG_ANALYZER_LOCALIZABILITY_NONLOCALIZED = YES;
				CLANG_ANALYZER_NONNULL = YES;
				CLANG_CXX_LANGUAGE_STANDARD = "gnu++0x";
				CLANG_CXX_LIBRARY = "libc++";
				CLANG_ENABLE_MODULES = YES;
				CLANG_ENABLE_OBJC_ARC = YES;
				CLANG_WARN_BOOL_CONVERSION = YES;
				CLANG_WARN_CONSTANT_CONVERSION = YES;
				CLANG_WARN_DIRECT_OBJC_ISA_USAGE = YES_ERROR;
				CLANG_WARN_DOCUMENTATION_COMMENTS = YES;
				CLANG_WARN_EMPTY_BODY = YES;
				CLANG_WARN_ENUM_CONVERSION = YES;
				CLANG_WARN_INFINITE_RECURSION = YES;
				CLANG_WARN_INT_CONVERSION = YES;
				CLANG_WARN_OBJC_ROOT_CLASS = YES_ERROR;
				CLANG_WARN_SUSPICIOUS_MOVE = YES;
				CLANG_WARN_UNREACHABLE_CODE = YES;
				CLANG_WARN__DUPLICATE_METHOD_MATCH = YES;
				CODE_SIGN_IDENTITY = "-";
				COPY_PHASE_STRIP = NO;
				DEBUG_INFORMATION_FORMAT = dwarf;
				ENABLE_STRICT_OBJC_MSGSEND = YES;
				ENABLE_TESTABILITY = YES;
				GCC_C_LANGUAGE_STANDARD = gnu99;
				GCC_DYNAMIC_NO_PIC = NO;
				GCC_NO_COMMON_BLOCKS = YES;
				GCC_OPTIMIZATION_LEVEL = 0;
				GCC_PREPROCESSOR_DEFINITIONS = (
					"DEBUG=1",
					"$(inherited)",
				);
				GCC_WARN_64_TO_32_BIT_CONVERSION = YES;
				GCC_WARN_ABOUT_RETURN_TYPE = YES_ERROR;
				GCC_WARN_UNDECLARED_SELECTOR = YES;
				GCC_WARN_UNINITIALIZED_AUTOS = YES_AGGRESSIVE;
				GCC_WARN_UNUSED_FUNCTION = YES;
				GCC_WARN_UNUSED_VARIABLE = YES;
				MACOSX_DEPLOYMENT_TARGET = 10.11;
				MTL_ENABLE_DEBUG_INFO = YES;
				ONLY_ACTIVE_ARCH = YES;
				SDKROOT = macosx;
				SWIFT_ACTIVE_COMPILATION_CONDITIONS = DEBUG;
				SWIFT_OPTIMIZATION_LEVEL = "-Onone";
			};
			name = Debug;
		};
		F2184E911E9C1AB7006E0BDB /* Release */ = {
			isa = XCBuildConfiguration;
			buildSettings = {
				ALWAYS_SEARCH_USER_PATHS = NO;
				CLANG_ANALYZER_LOCALIZABILITY_NONLOCALIZED = YES;
				CLANG_ANALYZER_NONNULL = YES;
				CLANG_CXX_LANGUAGE_STANDARD = "gnu++0x";
				CLANG_CXX_LIBRARY = "libc++";
				CLANG_ENABLE_MODULES = YES;
				CLANG_ENABLE_OBJC_ARC = YES;
				CLANG_WARN_BOOL_CONVERSION = YES;
				CLANG_WARN_CONSTANT_CONVERSION = YES;
				CLANG_WARN_DIRECT_OBJC_ISA_USAGE = YES_ERROR;
				CLANG_WARN_DOCUMENTATION_COMMENTS = YES;
				CLANG_WARN_EMPTY_BODY = YES;
				CLANG_WARN_ENUM_CONVERSION = YES;
				CLANG_WARN_INFINITE_RECURSION = YES;
				CLANG_WARN_INT_CONVERSION = YES;
				CLANG_WARN_OBJC_ROOT_CLASS = YES_ERROR;
				CLANG_WARN_SUSPICIOUS_MOVE = YES;
				CLANG_WARN_UNREACHABLE_CODE = YES;
				CLANG_WARN__DUPLICATE_METHOD_MATCH = YES;
				CODE_SIGN_IDENTITY = "-";
				COPY_PHASE_STRIP = NO;
				DEBUG_INFORMATION_FORMAT = "dwarf-with-dsym";
				ENABLE_NS_ASSERTIONS = NO;
				ENABLE_STRICT_OBJC_MSGSEND = YES;
				GCC_C_LANGUAGE_STANDARD = gnu99;
				GCC_NO_COMMON_BLOCKS = YES;
				GCC_WARN_64_TO_32_BIT_CONVERSION = YES;
				GCC_WARN_ABOUT_RETURN_TYPE = YES_ERROR;
				GCC_WARN_UNDECLARED_SELECTOR = YES;
				GCC_WARN_UNINITIALIZED_AUTOS = YES_AGGRESSIVE;
				GCC_WARN_UNUSED_FUNCTION = YES;
				GCC_WARN_UNUSED_VARIABLE = YES;
				MACOSX_DEPLOYMENT_TARGET = 10.11;
				MTL_ENABLE_DEBUG_INFO = NO;
				SDKROOT = macosx;
				SWIFT_OPTIMIZATION_LEVEL = "-Owholemodule";
			};
			name = Release;
		};
		F2184E931E9C1AB7006E0BDB /* Debug */ = {
			isa = XCBuildConfiguration;
			baseConfigurationReference = C8A34BF4A65FB539EC699EFB /* Pods-TotalCommander.debug.xcconfig */;
			buildSettings = {
				ASSETCATALOG_COMPILER_APPICON_NAME = AppIcon;
				CODE_SIGN_IDENTITY = "Mac Developer";
				COMBINE_HIDPI_IMAGES = YES;
				DEVELOPMENT_TEAM = ZFCEFF7SU3;
				INFOPLIST_FILE = TotalCommander/Info.plist;
				LD_RUNPATH_SEARCH_PATHS = "$(inherited) @executable_path/../Frameworks";
				PRODUCT_BUNDLE_IDENTIFIER = marcin.karmelita.TotalCommander;
				PRODUCT_NAME = "$(TARGET_NAME)";
				SWIFT_VERSION = 3.0;
				SYMROOT = "~/Build";
			};
			name = Debug;
		};
		F2184E941E9C1AB7006E0BDB /* Release */ = {
			isa = XCBuildConfiguration;
			baseConfigurationReference = E7845DC732AA4EEA34BD26ED /* Pods-TotalCommander.release.xcconfig */;
			buildSettings = {
				ASSETCATALOG_COMPILER_APPICON_NAME = AppIcon;
				CODE_SIGN_IDENTITY = "Mac Developer";
				COMBINE_HIDPI_IMAGES = YES;
				DEVELOPMENT_TEAM = ZFCEFF7SU3;
				INFOPLIST_FILE = TotalCommander/Info.plist;
				LD_RUNPATH_SEARCH_PATHS = "$(inherited) @executable_path/../Frameworks";
				PRODUCT_BUNDLE_IDENTIFIER = marcin.karmelita.TotalCommander;
				PRODUCT_NAME = "$(TARGET_NAME)";
				SWIFT_VERSION = 3.0;
				SYMROOT = "~/Build";
			};
			name = Release;
		};
		F2184E961E9C1AB7006E0BDB /* Debug */ = {
			isa = XCBuildConfiguration;
			baseConfigurationReference = A30295FDB5CB4CAB308A92AB /* Pods-TotalCommanderTests.debug.xcconfig */;
			buildSettings = {
				ALWAYS_EMBED_SWIFT_STANDARD_LIBRARIES = YES;
				BUNDLE_LOADER = "$(TEST_HOST)";
				COMBINE_HIDPI_IMAGES = YES;
				DEVELOPMENT_TEAM = ZFCEFF7SU3;
				INFOPLIST_FILE = TotalCommanderTests/Info.plist;
				LD_RUNPATH_SEARCH_PATHS = "$(inherited) @executable_path/../Frameworks @loader_path/../Frameworks";
				PRODUCT_BUNDLE_IDENTIFIER = marcin.karmelita.TotalCommanderTests;
				PRODUCT_NAME = "$(TARGET_NAME)";
				SWIFT_VERSION = 3.0;
				TEST_HOST = "$(BUILT_PRODUCTS_DIR)/TotalCommander.app/Contents/MacOS/TotalCommander";
			};
			name = Debug;
		};
		F2184E971E9C1AB7006E0BDB /* Release */ = {
			isa = XCBuildConfiguration;
			baseConfigurationReference = CFDA1CE4ED5A369599BD71C3 /* Pods-TotalCommanderTests.release.xcconfig */;
			buildSettings = {
				ALWAYS_EMBED_SWIFT_STANDARD_LIBRARIES = YES;
				BUNDLE_LOADER = "$(TEST_HOST)";
				COMBINE_HIDPI_IMAGES = YES;
				DEVELOPMENT_TEAM = ZFCEFF7SU3;
				INFOPLIST_FILE = TotalCommanderTests/Info.plist;
				LD_RUNPATH_SEARCH_PATHS = "$(inherited) @executable_path/../Frameworks @loader_path/../Frameworks";
				PRODUCT_BUNDLE_IDENTIFIER = marcin.karmelita.TotalCommanderTests;
				PRODUCT_NAME = "$(TARGET_NAME)";
				SWIFT_VERSION = 3.0;
				TEST_HOST = "$(BUILT_PRODUCTS_DIR)/TotalCommander.app/Contents/MacOS/TotalCommander";
			};
			name = Release;
		};
		F2184E991E9C1AB7006E0BDB /* Debug */ = {
			isa = XCBuildConfiguration;
			baseConfigurationReference = 50B2D1DA19C10DD9239FF7A0 /* Pods-TotalCommanderUITests.debug.xcconfig */;
			buildSettings = {
				ALWAYS_EMBED_SWIFT_STANDARD_LIBRARIES = YES;
				COMBINE_HIDPI_IMAGES = YES;
				DEVELOPMENT_TEAM = ZFCEFF7SU3;
				INFOPLIST_FILE = TotalCommanderUITests/Info.plist;
				LD_RUNPATH_SEARCH_PATHS = "$(inherited) @executable_path/../Frameworks @loader_path/../Frameworks";
				PRODUCT_BUNDLE_IDENTIFIER = marcin.karmelita.TotalCommanderUITests;
				PRODUCT_NAME = "$(TARGET_NAME)";
				SWIFT_VERSION = 3.0;
				TEST_TARGET_NAME = TotalCommander;
			};
			name = Debug;
		};
		F2184E9A1E9C1AB7006E0BDB /* Release */ = {
			isa = XCBuildConfiguration;
			baseConfigurationReference = F51886F5D4C428BDEB8365C9 /* Pods-TotalCommanderUITests.release.xcconfig */;
			buildSettings = {
				ALWAYS_EMBED_SWIFT_STANDARD_LIBRARIES = YES;
				COMBINE_HIDPI_IMAGES = YES;
				DEVELOPMENT_TEAM = ZFCEFF7SU3;
				INFOPLIST_FILE = TotalCommanderUITests/Info.plist;
				LD_RUNPATH_SEARCH_PATHS = "$(inherited) @executable_path/../Frameworks @loader_path/../Frameworks";
				PRODUCT_BUNDLE_IDENTIFIER = marcin.karmelita.TotalCommanderUITests;
				PRODUCT_NAME = "$(TARGET_NAME)";
				SWIFT_VERSION = 3.0;
				TEST_TARGET_NAME = TotalCommander;
			};
			name = Release;
		};
/* End XCBuildConfiguration section */

/* Begin XCConfigurationList section */
		F2184E681E9C1AB6006E0BDB /* Build configuration list for PBXProject "TotalCommander" */ = {
			isa = XCConfigurationList;
			buildConfigurations = (
				F2184E901E9C1AB7006E0BDB /* Debug */,
				F2184E911E9C1AB7006E0BDB /* Release */,
			);
			defaultConfigurationIsVisible = 0;
			defaultConfigurationName = Release;
		};
		F2184E921E9C1AB7006E0BDB /* Build configuration list for PBXNativeTarget "TotalCommander" */ = {
			isa = XCConfigurationList;
			buildConfigurations = (
				F2184E931E9C1AB7006E0BDB /* Debug */,
				F2184E941E9C1AB7006E0BDB /* Release */,
			);
			defaultConfigurationIsVisible = 0;
			defaultConfigurationName = Release;
		};
		F2184E951E9C1AB7006E0BDB /* Build configuration list for PBXNativeTarget "TotalCommanderTests" */ = {
			isa = XCConfigurationList;
			buildConfigurations = (
				F2184E961E9C1AB7006E0BDB /* Debug */,
				F2184E971E9C1AB7006E0BDB /* Release */,
			);
			defaultConfigurationIsVisible = 0;
			defaultConfigurationName = Release;
		};
		F2184E981E9C1AB7006E0BDB /* Build configuration list for PBXNativeTarget "TotalCommanderUITests" */ = {
			isa = XCConfigurationList;
			buildConfigurations = (
				F2184E991E9C1AB7006E0BDB /* Debug */,
				F2184E9A1E9C1AB7006E0BDB /* Release */,
			);
			defaultConfigurationIsVisible = 0;
			defaultConfigurationName = Release;
		};
/* End XCConfigurationList section */
	};
	rootObject = F2184E651E9C1AB6006E0BDB /* Project object */;
}
